{
  "version": 4,
  "terraform_version": "1.3.5",
  "serial": 445,
  "lineage": "012f7527-3f84-ba40-10b4-8fbcce977fbc",
  "outputs": {},
  "resources": [
    {
      "module": "module.vmss",
      "mode": "managed",
      "type": "azurerm_lb",
      "name": "lab2",
      "provider": "provider[\"registry.terraform.io/hashicorp/azurerm\"]",
      "instances": [
        {
          "schema_version": 0,
          "attributes": {
            "frontend_ip_configuration": [
              {
                "id": "/subscriptions/e804f196-48a4-4ae5-b1ed-3dabc584f441/resourceGroups/fyp-project23/providers/Microsoft.Network/loadBalancers/fyp-project23-lb/frontendIPConfigurations/PublicIPAddress",
                "inbound_nat_rules": [
                  "/subscriptions/e804f196-48a4-4ae5-b1ed-3dabc584f441/resourceGroups/fyp-project23/providers/Microsoft.Network/loadBalancers/fyp-project23-lb/inboundNatRules/ssh.0",
                  "/subscriptions/e804f196-48a4-4ae5-b1ed-3dabc584f441/resourceGroups/fyp-project23/providers/Microsoft.Network/loadBalancers/fyp-project23-lb/inboundNatRules/ssh.1"
                ],
                "load_balancer_rules": [
                  "/subscriptions/e804f196-48a4-4ae5-b1ed-3dabc584f441/resourceGroups/fyp-project23/providers/Microsoft.Network/loadBalancers/fyp-project23-lb/loadBalancingRules/LBRuleHTTP"
                ],
                "name": "PublicIPAddress",
                "outbound_rules": [],
                "private_ip_address": "",
                "private_ip_address_allocation": "Dynamic",
                "private_ip_address_version": "",
                "public_ip_address_id": "/subscriptions/e804f196-48a4-4ae5-b1ed-3dabc584f441/resourceGroups/fyp-project23/providers/Microsoft.Network/publicIPAddresses/fyp-project23-pip",
                "public_ip_prefix_id": "",
                "subnet_id": "",
                "zones": []
              }
            ],
            "id": "/subscriptions/e804f196-48a4-4ae5-b1ed-3dabc584f441/resourceGroups/fyp-project23/providers/Microsoft.Network/loadBalancers/fyp-project23-lb",
            "location": "westeurope",
            "name": "fyp-project23-lb",
            "private_ip_address": "",
            "private_ip_addresses": [],
            "resource_group_name": "fyp-project23",
            "sku": "Basic",
            "tags": {
              "environment": "project"
            },
            "timeouts": null
          },
          "sensitive_attributes": [],
          "private": "eyJlMmJmYjczMC1lY2FhLTExZTYtOGY4OC0zNDM2M2JjN2M0YzAiOnsiY3JlYXRlIjoxODAwMDAwMDAwMDAwLCJkZWxldGUiOjE4MDAwMDAwMDAwMDAsInJlYWQiOjMwMDAwMDAwMDAwMCwidXBkYXRlIjoxODAwMDAwMDAwMDAwfX0=",
          "dependencies": [
            "module.vmss.azurerm_public_ip.lab2"
          ]
        }
      ]
    },
    {
      "module": "module.vmss",
      "mode": "managed",
      "type": "azurerm_lb_backend_address_pool",
      "name": "bpepool",
      "provider": "provider[\"registry.terraform.io/hashicorp/azurerm\"]",
      "instances": [
        {
          "schema_version": 0,
          "attributes": {
            "backend_ip_configurations": [
              "/subscriptions/e804f196-48a4-4ae5-b1ed-3dabc584f441/resourceGroups/fyp-project23/providers/Microsoft.Compute/virtualMachineScaleSets/fyp-project23-vmss/virtualMachines/0/networkInterfaces/terraformnetworkprofile/ipConfigurations/TestIPConfiguration",
              "/subscriptions/e804f196-48a4-4ae5-b1ed-3dabc584f441/resourceGroups/fyp-project23/providers/Microsoft.Compute/virtualMachineScaleSets/fyp-project23-vmss/virtualMachines/1/networkInterfaces/terraformnetworkprofile/ipConfigurations/TestIPConfiguration"
            ],
            "id": "/subscriptions/e804f196-48a4-4ae5-b1ed-3dabc584f441/resourceGroups/fyp-project23/providers/Microsoft.Network/loadBalancers/fyp-project23-lb/backendAddressPools/BackEndAddressPool",
            "load_balancing_rules": [
              "/subscriptions/e804f196-48a4-4ae5-b1ed-3dabc584f441/resourceGroups/fyp-project23/providers/Microsoft.Network/loadBalancers/fyp-project23-lb/loadBalancingRules/LBRuleHTTP"
            ],
            "loadbalancer_id": "/subscriptions/e804f196-48a4-4ae5-b1ed-3dabc584f441/resourceGroups/fyp-project23/providers/Microsoft.Network/loadBalancers/fyp-project23-lb",
            "name": "BackEndAddressPool",
            "resource_group_name": "fyp-project23",
            "timeouts": null
          },
          "sensitive_attributes": [],
          "private": "eyJlMmJmYjczMC1lY2FhLTExZTYtOGY4OC0zNDM2M2JjN2M0YzAiOnsiY3JlYXRlIjoxODAwMDAwMDAwMDAwLCJkZWxldGUiOjE4MDAwMDAwMDAwMDAsInJlYWQiOjMwMDAwMDAwMDAwMCwidXBkYXRlIjoxODAwMDAwMDAwMDAwfX0=",
          "dependencies": [
            "module.vmss.azurerm_lb.lab2",
            "module.vmss.azurerm_public_ip.lab2"
          ]
        }
      ]
    },
    {
      "module": "module.vmss",
      "mode": "managed",
      "type": "azurerm_lb_probe",
      "name": "lab2",
      "provider": "provider[\"registry.terraform.io/hashicorp/azurerm\"]",
      "instances": [
        {
          "schema_version": 0,
          "attributes": {
            "id": "/subscriptions/e804f196-48a4-4ae5-b1ed-3dabc584f441/resourceGroups/fyp-project23/providers/Microsoft.Network/loadBalancers/fyp-project23-lb/probes/http-probe",
            "interval_in_seconds": 15,
            "load_balancer_rules": [
              "/subscriptions/e804f196-48a4-4ae5-b1ed-3dabc584f441/resourceGroups/fyp-project23/providers/Microsoft.Network/loadBalancers/fyp-project23-lb/loadBalancingRules/LBRuleHTTP"
            ],
            "loadbalancer_id": "/subscriptions/e804f196-48a4-4ae5-b1ed-3dabc584f441/resourceGroups/fyp-project23/providers/Microsoft.Network/loadBalancers/fyp-project23-lb",
            "name": "http-probe",
            "number_of_probes": 2,
            "port": 80,
            "protocol": "Http",
            "request_path": "/index.html",
            "resource_group_name": "fyp-project23",
            "timeouts": null
          },
          "sensitive_attributes": [],
          "private": "eyJlMmJmYjczMC1lY2FhLTExZTYtOGY4OC0zNDM2M2JjN2M0YzAiOnsiY3JlYXRlIjoxODAwMDAwMDAwMDAwLCJkZWxldGUiOjE4MDAwMDAwMDAwMDAsInJlYWQiOjMwMDAwMDAwMDAwMCwidXBkYXRlIjoxODAwMDAwMDAwMDAwfX0=",
          "dependencies": [
            "module.vmss.azurerm_lb.lab2",
            "module.vmss.azurerm_public_ip.lab2"
          ]
        }
      ]
    },
    {
      "module": "module.vmss",
      "mode": "managed",
      "type": "azurerm_lb_rule",
      "name": "lbrulehttp",
      "provider": "provider[\"registry.terraform.io/hashicorp/azurerm\"]",
      "instances": [
        {
          "schema_version": 0,
          "attributes": {
            "backend_address_pool_id": "/subscriptions/e804f196-48a4-4ae5-b1ed-3dabc584f441/resourceGroups/fyp-project23/providers/Microsoft.Network/loadBalancers/fyp-project23-lb/backendAddressPools/BackEndAddressPool",
            "backend_port": 80,
            "disable_outbound_snat": false,
            "enable_floating_ip": false,
            "enable_tcp_reset": false,
            "frontend_ip_configuration_id": "/subscriptions/e804f196-48a4-4ae5-b1ed-3dabc584f441/resourceGroups/fyp-project23/providers/Microsoft.Network/loadBalancers/fyp-project23-lb/frontendIPConfigurations/PublicIPAddress",
            "frontend_ip_configuration_name": "PublicIPAddress",
            "frontend_port": 80,
            "id": "/subscriptions/e804f196-48a4-4ae5-b1ed-3dabc584f441/resourceGroups/fyp-project23/providers/Microsoft.Network/loadBalancers/fyp-project23-lb/loadBalancingRules/LBRuleHTTP",
            "idle_timeout_in_minutes": 4,
            "load_distribution": "Default",
            "loadbalancer_id": "/subscriptions/e804f196-48a4-4ae5-b1ed-3dabc584f441/resourceGroups/fyp-project23/providers/Microsoft.Network/loadBalancers/fyp-project23-lb",
            "name": "LBRuleHTTP",
            "probe_id": "/subscriptions/e804f196-48a4-4ae5-b1ed-3dabc584f441/resourceGroups/fyp-project23/providers/Microsoft.Network/loadBalancers/fyp-project23-lb/probes/http-probe",
            "protocol": "Tcp",
            "resource_group_name": "fyp-project23",
            "timeouts": null
          },
          "sensitive_attributes": [],
          "private": "eyJlMmJmYjczMC1lY2FhLTExZTYtOGY4OC0zNDM2M2JjN2M0YzAiOnsiY3JlYXRlIjoxODAwMDAwMDAwMDAwLCJkZWxldGUiOjE4MDAwMDAwMDAwMDAsInJlYWQiOjMwMDAwMDAwMDAwMCwidXBkYXRlIjoxODAwMDAwMDAwMDAwfX0=",
          "dependencies": [
            "module.vmss.azurerm_lb.lab2",
            "module.vmss.azurerm_lb_backend_address_pool.bpepool",
            "module.vmss.azurerm_lb_probe.lab2",
            "module.vmss.azurerm_public_ip.lab2"
          ]
        }
      ]
    },
    {
      "module": "module.vmss",
      "mode": "managed",
      "type": "azurerm_public_ip",
      "name": "lab2",
      "provider": "provider[\"registry.terraform.io/hashicorp/azurerm\"]",
      "instances": [
        {
          "schema_version": 0,
          "attributes": {
            "allocation_method": "Static",
            "domain_name_label": "fyp-project23",
            "fqdn": "fyp-project23.westeurope.cloudapp.azure.com",
            "id": "/subscriptions/e804f196-48a4-4ae5-b1ed-3dabc584f441/resourceGroups/fyp-project23/providers/Microsoft.Network/publicIPAddresses/fyp-project23-pip",
            "idle_timeout_in_minutes": 4,
            "ip_address": "20.224.149.6",
            "ip_version": "IPv4",
            "location": "westeurope",
            "name": "fyp-project23-pip",
            "public_ip_prefix_id": null,
            "resource_group_name": "fyp-project23",
            "reverse_fqdn": "",
            "sku": "Basic",
            "tags": {
              "environment": "project"
            },
            "timeouts": null,
            "zones": []
          },
          "sensitive_attributes": [],
          "private": "eyJlMmJmYjczMC1lY2FhLTExZTYtOGY4OC0zNDM2M2JjN2M0YzAiOnsiY3JlYXRlIjoxODAwMDAwMDAwMDAwLCJkZWxldGUiOjE4MDAwMDAwMDAwMDAsInJlYWQiOjMwMDAwMDAwMDAwMCwidXBkYXRlIjoxODAwMDAwMDAwMDAwfX0="
        }
      ]
    }
  ],
  "check_results": null
}
